
Microsoft Visual Studio Solution File, Format Version 12.00
# Visual Studio 15
VisualStudioVersion = 15.0.28307.645
MinimumVisualStudioVersion = 10.0.40219.1
Project("{FAE04EC0-301F-11D3-BF4B-00C04F79EFBC}") = "AdministradorSazon", "AdministradorSazon\AdministradorSazon.csproj", "{EE52378B-2097-4D19-8F95-F615C4C4BF95}"
EndProject
Project("{FAE04EC0-301F-11D3-BF4B-00C04F79EFBC}") = "AdministradorSazon.Tests", "AdministradorSazon.Tests\AdministradorSazon.Tests.csproj", "{A5AA0A7C-7CB0-40CF-AF8A-EF0D5FFFB8D0}"
EndProject
Global
	GlobalSection(SolutionConfigurationPlatforms) = preSolution
		Debug|Any CPU = Debug|Any CPU
		Release|Any CPU = Release|Any CPU
	EndGlobalSection
	GlobalSection(ProjectConfigurationPlatforms) = postSolution
		{EE52378B-2097-4D19-8F95-F615C4C4BF95}.Debug|Any CPU.ActiveCfg = Debug|Any CPU
		{EE52378B-2097-4D19-8F95-F615C4C4BF95}.Debug|Any CPU.Build.0 = Debug|Any CPU
		{EE52378B-2097-4D19-8F95-F615C4C4BF95}.Release|Any CPU.ActiveCfg = Release|Any CPU
		{EE52378B-2097-4D19-8F95-F615C4C4BF95}.Release|Any CPU.Build.0 = Release|Any CPU
		{A5AA0A7C-7CB0-40CF-AF8A-EF0D5FFFB8D0}.Debug|Any CPU.ActiveCfg = Debug|Any CPU
		{A5AA0A7C-7CB0-40CF-AF8A-EF0D5FFFB8D0}.Debug|Any CPU.Build.0 = Debug|Any CPU
		{A5AA0A7C-7CB0-40CF-AF8A-EF0D5FFFB8D0}.Release|Any CPU.ActiveCfg = Release|Any CPU
		{A5AA0A7C-7CB0-40CF-AF8A-EF0D5FFFB8D0}.Release|Any CPU.Build.0 = Release|Any CPU
	EndGlobalSection
	GlobalSection(SolutionProperties) = preSolution
		HideSolutionNode = FALSE
	EndGlobalSection
	GlobalSection(ExtensibilityGlobals) = postSolution
		SolutionGuid = {88FD6AD6-7D89-4F96-8B62-1A54986CC37F}
	EndGlobalSection
EndGlobal
